
Microsoft Visual Studio Solution File, Format Version 12.00
# Visual Studio Version 17
VisualStudioVersion = 17.14.36301.6 d17.14
MinimumVisualStudioVersion = 10.0.40219.1
Project("{FAE04EC0-301F-11D3-BF4B-00C04F79EFBC}") = "ContactsConsoleApp-PresentationLayer", "ContactsConsoleApp-PresentationLayer\ContactsConsoleApp-PresentationLayer.csproj", "{05A822C4-52BE-4F0B-B5EB-32486E770165}"
EndProject
Project("{FAE04EC0-301F-11D3-BF4B-00C04F79EFBC}") = "ContactsDataAccesLayer", "ContactsDataAccesLayer\ContactsDataAccesLayer.csproj", "{BB56997C-4C5B-45EF-A071-C82066D7F5A4}"
EndProject
Project("{FAE04EC0-301F-11D3-BF4B-00C04F79EFBC}") = "ContactsBusinessLayer", "ContactsBusinessLayer\ContactsBusinessLayer.csproj", "{0C29958B-1091-4661-B33C-6DECF493CA0C}"
EndProject
Global
	GlobalSection(SolutionConfigurationPlatforms) = preSolution
		Debug|Any CPU = Debug|Any CPU
		Release|Any CPU = Release|Any CPU
	EndGlobalSection
	GlobalSection(ProjectConfigurationPlatforms) = postSolution
		{05A822C4-52BE-4F0B-B5EB-32486E770165}.Debug|Any CPU.ActiveCfg = Debug|Any CPU
		{05A822C4-52BE-4F0B-B5EB-32486E770165}.Debug|Any CPU.Build.0 = Debug|Any CPU
		{05A822C4-52BE-4F0B-B5EB-32486E770165}.Release|Any CPU.ActiveCfg = Release|Any CPU
		{05A822C4-52BE-4F0B-B5EB-32486E770165}.Release|Any CPU.Build.0 = Release|Any CPU
		{BB56997C-4C5B-45EF-A071-C82066D7F5A4}.Debug|Any CPU.ActiveCfg = Debug|Any CPU
		{BB56997C-4C5B-45EF-A071-C82066D7F5A4}.Debug|Any CPU.Build.0 = Debug|Any CPU
		{BB56997C-4C5B-45EF-A071-C82066D7F5A4}.Release|Any CPU.ActiveCfg = Release|Any CPU
		{BB56997C-4C5B-45EF-A071-C82066D7F5A4}.Release|Any CPU.Build.0 = Release|Any CPU
		{0C29958B-1091-4661-B33C-6DECF493CA0C}.Debug|Any CPU.ActiveCfg = Debug|Any CPU
		{0C29958B-1091-4661-B33C-6DECF493CA0C}.Debug|Any CPU.Build.0 = Debug|Any CPU
		{0C29958B-1091-4661-B33C-6DECF493CA0C}.Release|Any CPU.ActiveCfg = Release|Any CPU
		{0C29958B-1091-4661-B33C-6DECF493CA0C}.Release|Any CPU.Build.0 = Release|Any CPU
	EndGlobalSection
	GlobalSection(SolutionProperties) = preSolution
		HideSolutionNode = FALSE
	EndGlobalSection
	GlobalSection(ExtensibilityGlobals) = postSolution
		SolutionGuid = {40B8402B-505B-490C-80DF-6764B1B98C37}
	EndGlobalSection
EndGlobal
